
Microsoft Visual Studio Solution File, Format Version 12.00
# Visual Studio Version 16
VisualStudioVersion = 16.0.28729.10
MinimumVisualStudioVersion = 10.0.40219.1
Project("{F184B08F-C81C-45F6-A57F-5ABD9991F28F}") = "CreateGameListFromMameXML", "CreateGameListFromMameXML.vbproj", "{7757B10A-2098-4BFB-A77B-9DC5D1FDB952}"
EndProject
Global
	GlobalSection(SolutionConfigurationPlatforms) = preSolution
		Debug|Any CPU = Debug|Any CPU
		Release|Any CPU = Release|Any CPU
	EndGlobalSection
	GlobalSection(ProjectConfigurationPlatforms) = postSolution
		{7757B10A-2098-4BFB-A77B-9DC5D1FDB952}.Debug|Any CPU.ActiveCfg = Debug|Any CPU
		{7757B10A-2098-4BFB-A77B-9DC5D1FDB952}.Debug|Any CPU.Build.0 = Debug|Any CPU
		{7757B10A-2098-4BFB-A77B-9DC5D1FDB952}.Release|Any CPU.ActiveCfg = Release|Any CPU
		{7757B10A-2098-4BFB-A77B-9DC5D1FDB952}.Release|Any CPU.Build.0 = Release|Any CPU
	EndGlobalSection
	GlobalSection(SolutionProperties) = preSolution
		HideSolutionNode = FALSE
	EndGlobalSection
	GlobalSection(ExtensibilityGlobals) = postSolution
		SolutionGuid = {D4B263ED-9C73-4217-820F-8E39B6E1F28A}
	EndGlobalSection
EndGlobal
